
Microsoft Visual Studio Solution File, Format Version 12.00
# Visual Studio Version 16
VisualStudioVersion = 16.0.31205.134
MinimumVisualStudioVersion = 10.0.40219.1
Project("{FAE04EC0-301F-11D3-BF4B-00C04F79EFBC}") = "DmrModels", "DmrModels\DmrModels.csproj", "{0986DEF0-250F-4A68-9A77-843ABB464209}"
EndProject
Project("{FAE04EC0-301F-11D3-BF4B-00C04F79EFBC}") = "DmrDataAccessLib", "DmrDataAccessLib\DmrDataAccessLib.csproj", "{64DC47EE-FF1E-45D2-AE77-F5D4515EE556}"
EndProject
Project("{FAE04EC0-301F-11D3-BF4B-00C04F79EFBC}") = "DmrBusinessLib", "DmrBusinessLib\DmrBusinessLib.csproj", "{A34B8906-EFC5-4A94-B37E-D768209C9FD0}"
EndProject
Project("{FAE04EC0-301F-11D3-BF4B-00C04F79EFBC}") = "DmrCommandsAndQueries", "DmrCommandsAndQueries\DmrCommandsAndQueries.csproj", "{7961F907-CA20-4A47-8624-107CE4D0E11F}"
EndProject
Project("{FAE04EC0-301F-11D3-BF4B-00C04F79EFBC}") = "DmrApi", "DmrApi\DmrApi.csproj", "{18E81668-977D-4F60-B49C-BB275A937464}"
EndProject
Global
	GlobalSection(SolutionConfigurationPlatforms) = preSolution
		Debug|Any CPU = Debug|Any CPU
		Release|Any CPU = Release|Any CPU
	EndGlobalSection
	GlobalSection(ProjectConfigurationPlatforms) = postSolution
		{0986DEF0-250F-4A68-9A77-843ABB464209}.Debug|Any CPU.ActiveCfg = Debug|Any CPU
		{0986DEF0-250F-4A68-9A77-843ABB464209}.Debug|Any CPU.Build.0 = Debug|Any CPU
		{0986DEF0-250F-4A68-9A77-843ABB464209}.Release|Any CPU.ActiveCfg = Release|Any CPU
		{0986DEF0-250F-4A68-9A77-843ABB464209}.Release|Any CPU.Build.0 = Release|Any CPU
		{64DC47EE-FF1E-45D2-AE77-F5D4515EE556}.Debug|Any CPU.ActiveCfg = Debug|Any CPU
		{64DC47EE-FF1E-45D2-AE77-F5D4515EE556}.Debug|Any CPU.Build.0 = Debug|Any CPU
		{64DC47EE-FF1E-45D2-AE77-F5D4515EE556}.Release|Any CPU.ActiveCfg = Release|Any CPU
		{64DC47EE-FF1E-45D2-AE77-F5D4515EE556}.Release|Any CPU.Build.0 = Release|Any CPU
		{A34B8906-EFC5-4A94-B37E-D768209C9FD0}.Debug|Any CPU.ActiveCfg = Debug|Any CPU
		{A34B8906-EFC5-4A94-B37E-D768209C9FD0}.Debug|Any CPU.Build.0 = Debug|Any CPU
		{A34B8906-EFC5-4A94-B37E-D768209C9FD0}.Release|Any CPU.ActiveCfg = Release|Any CPU
		{A34B8906-EFC5-4A94-B37E-D768209C9FD0}.Release|Any CPU.Build.0 = Release|Any CPU
		{7961F907-CA20-4A47-8624-107CE4D0E11F}.Debug|Any CPU.ActiveCfg = Debug|Any CPU
		{7961F907-CA20-4A47-8624-107CE4D0E11F}.Debug|Any CPU.Build.0 = Debug|Any CPU
		{7961F907-CA20-4A47-8624-107CE4D0E11F}.Release|Any CPU.ActiveCfg = Release|Any CPU
		{7961F907-CA20-4A47-8624-107CE4D0E11F}.Release|Any CPU.Build.0 = Release|Any CPU
		{18E81668-977D-4F60-B49C-BB275A937464}.Debug|Any CPU.ActiveCfg = Debug|Any CPU
		{18E81668-977D-4F60-B49C-BB275A937464}.Debug|Any CPU.Build.0 = Debug|Any CPU
		{18E81668-977D-4F60-B49C-BB275A937464}.Release|Any CPU.ActiveCfg = Release|Any CPU
		{18E81668-977D-4F60-B49C-BB275A937464}.Release|Any CPU.Build.0 = Release|Any CPU
	EndGlobalSection
	GlobalSection(SolutionProperties) = preSolution
		HideSolutionNode = FALSE
	EndGlobalSection
	GlobalSection(ExtensibilityGlobals) = postSolution
		SolutionGuid = {F12B8972-7C20-4AC3-AD0B-AF3A64DFE4C7}
	EndGlobalSection
EndGlobal
